
Microsoft Visual Studio Solution File, Format Version 12.00
# Visual Studio 15
VisualStudioVersion = 15.0.28010.2003
MinimumVisualStudioVersion = 10.0.40219.1
Project("{9A19103F-16F7-4668-BE54-9A1E7A4F7556}") = "SIS.WebServer", "SIS.WebServer\SIS.WebServer.csproj", "{9069BFBB-817C-4FA4-A980-E20E9DD7A469}"
EndProject
Project("{9A19103F-16F7-4668-BE54-9A1E7A4F7556}") = "SIS.HTTP", "SIS.HTTP\SIS.HTTP.csproj", "{9C8ADFD1-16AE-4365-A160-A1C6091A0509}"
EndProject
Project("{9A19103F-16F7-4668-BE54-9A1E7A4F7556}") = "SIS.Framework", "SIS.Framework\SIS.Framework.csproj", "{035FAB55-6E4D-4C26-AB35-DBB6332CBE58}"
EndProject
Project("{2150E333-8FDC-42A3-9474-1A3956D46DE8}") = "MyExam", "MyExam", "{30369028-0161-4F53-AE35-3E5455F19833}"
EndProject
Project("{9A19103F-16F7-4668-BE54-9A1E7A4F7556}") = "MyExam.App", "MyExam.App\MyExam.App.csproj", "{BB456BF0-09F3-4507-A11D-CFEA3D74AC60}"
EndProject
Project("{9A19103F-16F7-4668-BE54-9A1E7A4F7556}") = "MyExam.Data", "MyExam.Data\MyExam.Data.csproj", "{D38C491F-4F47-4C73-9C20-672636313056}"
EndProject
Project("{9A19103F-16F7-4668-BE54-9A1E7A4F7556}") = "MyExam.DataModel", "MyExam.DataModel\MyExam.DataModel.csproj", "{7A77FE91-53D0-41CE-8A01-3D431C30B649}"
EndProject
Project("{9A19103F-16F7-4668-BE54-9A1E7A4F7556}") = "MyExam.Services", "MyExam.Services\MyExam.Services.csproj", "{574B2C25-50F7-4B54-8E4B-35DC6FABD14E}"
EndProject
Project("{9A19103F-16F7-4668-BE54-9A1E7A4F7556}") = "MyExam.ViewModels", "MyExam.ViewModels\MyExam.ViewModels.csproj", "{B844354F-89B3-4756-A496-7B5AA952938B}"
EndProject
Project("{9A19103F-16F7-4668-BE54-9A1E7A4F7556}") = "MyExam.BindingModels", "MyExam.BindingModels\MyExam.BindingModels.csproj", "{A161D4F2-95B1-4F07-90AF-27B318730288}"
EndProject
Global
	GlobalSection(SolutionConfigurationPlatforms) = preSolution
		Debug|Any CPU = Debug|Any CPU
		Release|Any CPU = Release|Any CPU
	EndGlobalSection
	GlobalSection(ProjectConfigurationPlatforms) = postSolution
		{9069BFBB-817C-4FA4-A980-E20E9DD7A469}.Debug|Any CPU.ActiveCfg = Debug|Any CPU
		{9069BFBB-817C-4FA4-A980-E20E9DD7A469}.Debug|Any CPU.Build.0 = Debug|Any CPU
		{9069BFBB-817C-4FA4-A980-E20E9DD7A469}.Release|Any CPU.ActiveCfg = Release|Any CPU
		{9069BFBB-817C-4FA4-A980-E20E9DD7A469}.Release|Any CPU.Build.0 = Release|Any CPU
		{9C8ADFD1-16AE-4365-A160-A1C6091A0509}.Debug|Any CPU.ActiveCfg = Debug|Any CPU
		{9C8ADFD1-16AE-4365-A160-A1C6091A0509}.Debug|Any CPU.Build.0 = Debug|Any CPU
		{9C8ADFD1-16AE-4365-A160-A1C6091A0509}.Release|Any CPU.ActiveCfg = Release|Any CPU
		{9C8ADFD1-16AE-4365-A160-A1C6091A0509}.Release|Any CPU.Build.0 = Release|Any CPU
		{035FAB55-6E4D-4C26-AB35-DBB6332CBE58}.Debug|Any CPU.ActiveCfg = Debug|Any CPU
		{035FAB55-6E4D-4C26-AB35-DBB6332CBE58}.Debug|Any CPU.Build.0 = Debug|Any CPU
		{035FAB55-6E4D-4C26-AB35-DBB6332CBE58}.Release|Any CPU.ActiveCfg = Release|Any CPU
		{035FAB55-6E4D-4C26-AB35-DBB6332CBE58}.Release|Any CPU.Build.0 = Release|Any CPU
		{BB456BF0-09F3-4507-A11D-CFEA3D74AC60}.Debug|Any CPU.ActiveCfg = Debug|Any CPU
		{BB456BF0-09F3-4507-A11D-CFEA3D74AC60}.Debug|Any CPU.Build.0 = Debug|Any CPU
		{BB456BF0-09F3-4507-A11D-CFEA3D74AC60}.Release|Any CPU.ActiveCfg = Release|Any CPU
		{BB456BF0-09F3-4507-A11D-CFEA3D74AC60}.Release|Any CPU.Build.0 = Release|Any CPU
		{D38C491F-4F47-4C73-9C20-672636313056}.Debug|Any CPU.ActiveCfg = Debug|Any CPU
		{D38C491F-4F47-4C73-9C20-672636313056}.Debug|Any CPU.Build.0 = Debug|Any CPU
		{D38C491F-4F47-4C73-9C20-672636313056}.Release|Any CPU.ActiveCfg = Release|Any CPU
		{D38C491F-4F47-4C73-9C20-672636313056}.Release|Any CPU.Build.0 = Release|Any CPU
		{7A77FE91-53D0-41CE-8A01-3D431C30B649}.Debug|Any CPU.ActiveCfg = Debug|Any CPU
		{7A77FE91-53D0-41CE-8A01-3D431C30B649}.Debug|Any CPU.Build.0 = Debug|Any CPU
		{7A77FE91-53D0-41CE-8A01-3D431C30B649}.Release|Any CPU.ActiveCfg = Release|Any CPU
		{7A77FE91-53D0-41CE-8A01-3D431C30B649}.Release|Any CPU.Build.0 = Release|Any CPU
		{574B2C25-50F7-4B54-8E4B-35DC6FABD14E}.Debug|Any CPU.ActiveCfg = Debug|Any CPU
		{574B2C25-50F7-4B54-8E4B-35DC6FABD14E}.Debug|Any CPU.Build.0 = Debug|Any CPU
		{574B2C25-50F7-4B54-8E4B-35DC6FABD14E}.Release|Any CPU.ActiveCfg = Release|Any CPU
		{574B2C25-50F7-4B54-8E4B-35DC6FABD14E}.Release|Any CPU.Build.0 = Release|Any CPU
		{B844354F-89B3-4756-A496-7B5AA952938B}.Debug|Any CPU.ActiveCfg = Debug|Any CPU
		{B844354F-89B3-4756-A496-7B5AA952938B}.Debug|Any CPU.Build.0 = Debug|Any CPU
		{B844354F-89B3-4756-A496-7B5AA952938B}.Release|Any CPU.ActiveCfg = Release|Any CPU
		{B844354F-89B3-4756-A496-7B5AA952938B}.Release|Any CPU.Build.0 = Release|Any CPU
		{A161D4F2-95B1-4F07-90AF-27B318730288}.Debug|Any CPU.ActiveCfg = Debug|Any CPU
		{A161D4F2-95B1-4F07-90AF-27B318730288}.Debug|Any CPU.Build.0 = Debug|Any CPU
		{A161D4F2-95B1-4F07-90AF-27B318730288}.Release|Any CPU.ActiveCfg = Release|Any CPU
		{A161D4F2-95B1-4F07-90AF-27B318730288}.Release|Any CPU.Build.0 = Release|Any CPU
	EndGlobalSection
	GlobalSection(SolutionProperties) = preSolution
		HideSolutionNode = FALSE
	EndGlobalSection
	GlobalSection(NestedProjects) = preSolution
		{BB456BF0-09F3-4507-A11D-CFEA3D74AC60} = {30369028-0161-4F53-AE35-3E5455F19833}
		{D38C491F-4F47-4C73-9C20-672636313056} = {30369028-0161-4F53-AE35-3E5455F19833}
		{7A77FE91-53D0-41CE-8A01-3D431C30B649} = {30369028-0161-4F53-AE35-3E5455F19833}
		{574B2C25-50F7-4B54-8E4B-35DC6FABD14E} = {30369028-0161-4F53-AE35-3E5455F19833}
		{B844354F-89B3-4756-A496-7B5AA952938B} = {30369028-0161-4F53-AE35-3E5455F19833}
		{A161D4F2-95B1-4F07-90AF-27B318730288} = {30369028-0161-4F53-AE35-3E5455F19833}
	EndGlobalSection
	GlobalSection(ExtensibilityGlobals) = postSolution
		SolutionGuid = {7DDABD09-DCFC-4DD2-996C-EDD241D1D1F0}
	EndGlobalSection
EndGlobal
