
Microsoft Visual Studio Solution File, Format Version 12.00
# Visual Studio 15
VisualStudioVersion = 15.0.28010.2003
MinimumVisualStudioVersion = 10.0.40219.1
Project("{9A19103F-16F7-4668-BE54-9A1E7A4F7556}") = "SIS.WebServer", "SIS.WebServer\SIS.WebServer.csproj", "{9069BFBB-817C-4FA4-A980-E20E9DD7A469}"
EndProject
Project("{9A19103F-16F7-4668-BE54-9A1E7A4F7556}") = "SIS.HTTP", "SIS.HTTP\SIS.HTTP.csproj", "{9C8ADFD1-16AE-4365-A160-A1C6091A0509}"
EndProject
Project("{9A19103F-16F7-4668-BE54-9A1E7A4F7556}") = "SIS.Framework", "SIS.Framework\SIS.Framework.csproj", "{035FAB55-6E4D-4C26-AB35-DBB6332CBE58}"
EndProject
Project("{2150E333-8FDC-42A3-9474-1A3956D46DE8}") = "Mish-Mash", "Mish-Mash", "{E8ACE49F-626B-4944-ADA7-5799D688241C}"
EndProject
Project("{FAE04EC0-301F-11D3-BF4B-00C04F79EFBC}") = "MishMash.App", "MishMash.App\MishMash.App.csproj", "{409FB1F0-D029-4B76-8414-749170804C27}"
EndProject
Project("{FAE04EC0-301F-11D3-BF4B-00C04F79EFBC}") = "MishMash.Common", "MishMash.Common\MishMash.Common.csproj", "{7C81520D-1FDF-4E20-8B7B-2B001C243D7D}"
EndProject
Project("{FAE04EC0-301F-11D3-BF4B-00C04F79EFBC}") = "MishMash.Data", "MishMash.Data\MishMash.Data.csproj", "{FF9E0015-DCFF-4207-B5B4-B6AB552DF1FC}"
EndProject
Project("{FAE04EC0-301F-11D3-BF4B-00C04F79EFBC}") = "MishMash.DataModels", "MishMash.DataModels\MishMash.DataModels.csproj", "{4BB8C2BE-344A-45EA-9798-1819EAA20A04}"
EndProject
Project("{FAE04EC0-301F-11D3-BF4B-00C04F79EFBC}") = "MishMash.Services", "MishMash.Services\MishMash.Services.csproj", "{45743737-04B6-4A61-A455-61F6AB5385F9}"
EndProject
Project("{FAE04EC0-301F-11D3-BF4B-00C04F79EFBC}") = "MishMash.ViewModels", "MishMash.ViewModels\MishMash.ViewModels.csproj", "{C3DA0F6F-2410-49EC-A35D-7F4FFA871425}"
EndProject
Project("{FAE04EC0-301F-11D3-BF4B-00C04F79EFBC}") = "MishMash.BindingModels", "MishMash.BindingModels\MishMash.BindingModels.csproj", "{F444714C-FE6F-4AD0-B6BF-EF2A0E5A5603}"
EndProject
Global
	GlobalSection(SolutionConfigurationPlatforms) = preSolution
		Debug|Any CPU = Debug|Any CPU
		Release|Any CPU = Release|Any CPU
	EndGlobalSection
	GlobalSection(ProjectConfigurationPlatforms) = postSolution
		{9069BFBB-817C-4FA4-A980-E20E9DD7A469}.Debug|Any CPU.ActiveCfg = Debug|Any CPU
		{9069BFBB-817C-4FA4-A980-E20E9DD7A469}.Debug|Any CPU.Build.0 = Debug|Any CPU
		{9069BFBB-817C-4FA4-A980-E20E9DD7A469}.Release|Any CPU.ActiveCfg = Release|Any CPU
		{9069BFBB-817C-4FA4-A980-E20E9DD7A469}.Release|Any CPU.Build.0 = Release|Any CPU
		{9C8ADFD1-16AE-4365-A160-A1C6091A0509}.Debug|Any CPU.ActiveCfg = Debug|Any CPU
		{9C8ADFD1-16AE-4365-A160-A1C6091A0509}.Debug|Any CPU.Build.0 = Debug|Any CPU
		{9C8ADFD1-16AE-4365-A160-A1C6091A0509}.Release|Any CPU.ActiveCfg = Release|Any CPU
		{9C8ADFD1-16AE-4365-A160-A1C6091A0509}.Release|Any CPU.Build.0 = Release|Any CPU
		{035FAB55-6E4D-4C26-AB35-DBB6332CBE58}.Debug|Any CPU.ActiveCfg = Debug|Any CPU
		{035FAB55-6E4D-4C26-AB35-DBB6332CBE58}.Debug|Any CPU.Build.0 = Debug|Any CPU
		{035FAB55-6E4D-4C26-AB35-DBB6332CBE58}.Release|Any CPU.ActiveCfg = Release|Any CPU
		{035FAB55-6E4D-4C26-AB35-DBB6332CBE58}.Release|Any CPU.Build.0 = Release|Any CPU
		{409FB1F0-D029-4B76-8414-749170804C27}.Debug|Any CPU.ActiveCfg = Debug|Any CPU
		{409FB1F0-D029-4B76-8414-749170804C27}.Debug|Any CPU.Build.0 = Debug|Any CPU
		{409FB1F0-D029-4B76-8414-749170804C27}.Release|Any CPU.ActiveCfg = Release|Any CPU
		{409FB1F0-D029-4B76-8414-749170804C27}.Release|Any CPU.Build.0 = Release|Any CPU
		{7C81520D-1FDF-4E20-8B7B-2B001C243D7D}.Debug|Any CPU.ActiveCfg = Debug|Any CPU
		{7C81520D-1FDF-4E20-8B7B-2B001C243D7D}.Debug|Any CPU.Build.0 = Debug|Any CPU
		{7C81520D-1FDF-4E20-8B7B-2B001C243D7D}.Release|Any CPU.ActiveCfg = Release|Any CPU
		{7C81520D-1FDF-4E20-8B7B-2B001C243D7D}.Release|Any CPU.Build.0 = Release|Any CPU
		{FF9E0015-DCFF-4207-B5B4-B6AB552DF1FC}.Debug|Any CPU.ActiveCfg = Debug|Any CPU
		{FF9E0015-DCFF-4207-B5B4-B6AB552DF1FC}.Debug|Any CPU.Build.0 = Debug|Any CPU
		{FF9E0015-DCFF-4207-B5B4-B6AB552DF1FC}.Release|Any CPU.ActiveCfg = Release|Any CPU
		{FF9E0015-DCFF-4207-B5B4-B6AB552DF1FC}.Release|Any CPU.Build.0 = Release|Any CPU
		{4BB8C2BE-344A-45EA-9798-1819EAA20A04}.Debug|Any CPU.ActiveCfg = Debug|Any CPU
		{4BB8C2BE-344A-45EA-9798-1819EAA20A04}.Debug|Any CPU.Build.0 = Debug|Any CPU
		{4BB8C2BE-344A-45EA-9798-1819EAA20A04}.Release|Any CPU.ActiveCfg = Release|Any CPU
		{4BB8C2BE-344A-45EA-9798-1819EAA20A04}.Release|Any CPU.Build.0 = Release|Any CPU
		{45743737-04B6-4A61-A455-61F6AB5385F9}.Debug|Any CPU.ActiveCfg = Debug|Any CPU
		{45743737-04B6-4A61-A455-61F6AB5385F9}.Debug|Any CPU.Build.0 = Debug|Any CPU
		{45743737-04B6-4A61-A455-61F6AB5385F9}.Release|Any CPU.ActiveCfg = Release|Any CPU
		{45743737-04B6-4A61-A455-61F6AB5385F9}.Release|Any CPU.Build.0 = Release|Any CPU
		{C3DA0F6F-2410-49EC-A35D-7F4FFA871425}.Debug|Any CPU.ActiveCfg = Debug|Any CPU
		{C3DA0F6F-2410-49EC-A35D-7F4FFA871425}.Debug|Any CPU.Build.0 = Debug|Any CPU
		{C3DA0F6F-2410-49EC-A35D-7F4FFA871425}.Release|Any CPU.ActiveCfg = Release|Any CPU
		{C3DA0F6F-2410-49EC-A35D-7F4FFA871425}.Release|Any CPU.Build.0 = Release|Any CPU
		{F444714C-FE6F-4AD0-B6BF-EF2A0E5A5603}.Debug|Any CPU.ActiveCfg = Debug|Any CPU
		{F444714C-FE6F-4AD0-B6BF-EF2A0E5A5603}.Debug|Any CPU.Build.0 = Debug|Any CPU
		{F444714C-FE6F-4AD0-B6BF-EF2A0E5A5603}.Release|Any CPU.ActiveCfg = Release|Any CPU
		{F444714C-FE6F-4AD0-B6BF-EF2A0E5A5603}.Release|Any CPU.Build.0 = Release|Any CPU
	EndGlobalSection
	GlobalSection(SolutionProperties) = preSolution
		HideSolutionNode = FALSE
	EndGlobalSection
	GlobalSection(NestedProjects) = preSolution
		{409FB1F0-D029-4B76-8414-749170804C27} = {E8ACE49F-626B-4944-ADA7-5799D688241C}
		{7C81520D-1FDF-4E20-8B7B-2B001C243D7D} = {E8ACE49F-626B-4944-ADA7-5799D688241C}
		{FF9E0015-DCFF-4207-B5B4-B6AB552DF1FC} = {E8ACE49F-626B-4944-ADA7-5799D688241C}
		{4BB8C2BE-344A-45EA-9798-1819EAA20A04} = {E8ACE49F-626B-4944-ADA7-5799D688241C}
		{45743737-04B6-4A61-A455-61F6AB5385F9} = {E8ACE49F-626B-4944-ADA7-5799D688241C}
		{C3DA0F6F-2410-49EC-A35D-7F4FFA871425} = {E8ACE49F-626B-4944-ADA7-5799D688241C}
		{F444714C-FE6F-4AD0-B6BF-EF2A0E5A5603} = {E8ACE49F-626B-4944-ADA7-5799D688241C}
	EndGlobalSection
	GlobalSection(ExtensibilityGlobals) = postSolution
		SolutionGuid = {7DDABD09-DCFC-4DD2-996C-EDD241D1D1F0}
	EndGlobalSection
EndGlobal
